
Microsoft Visual Studio Solution File, Format Version 12.00
# Visual Studio 15
VisualStudioVersion = 15.0.27428.2037
MinimumVisualStudioVersion = 10.0.40219.1
Project("{FAE04EC0-301F-11D3-BF4B-00C04F79EFBC}") = "SiteCrawler", "SiteCrawler\SiteCrawler.csproj", "{DF6B79E0-050E-4E3E-861F-B91D6440078F}"
EndProject
Global
	GlobalSection(SolutionConfigurationPlatforms) = preSolution
		Debug|Any CPU = Debug|Any CPU
		Release|Any CPU = Release|Any CPU
	EndGlobalSection
	GlobalSection(ProjectConfigurationPlatforms) = postSolution
		{DF6B79E0-050E-4E3E-861F-B91D6440078F}.Debug|Any CPU.ActiveCfg = Debug|Any CPU
		{DF6B79E0-050E-4E3E-861F-B91D6440078F}.Debug|Any CPU.Build.0 = Debug|Any CPU
		{DF6B79E0-050E-4E3E-861F-B91D6440078F}.Release|Any CPU.ActiveCfg = Release|Any CPU
		{DF6B79E0-050E-4E3E-861F-B91D6440078F}.Release|Any CPU.Build.0 = Release|Any CPU
	EndGlobalSection
	GlobalSection(SolutionProperties) = preSolution
		HideSolutionNode = FALSE
	EndGlobalSection
	GlobalSection(ExtensibilityGlobals) = postSolution
		SolutionGuid = {01F1E870-FC3D-474E-A974-F178A110762C}
	EndGlobalSection
EndGlobal
